
Microsoft Visual Studio Solution File, Format Version 12.00
# Visual Studio Version 18
VisualStudioVersion = 18.6.11806.211 stable
MinimumVisualStudioVersion = 10.0.40219.1
Project("{2150E333-8FDC-42A3-9474-1A3956D46DE8}") = "src", "src", "{827E0CD3-B72D-47B6-A68D-7590B98EB39B}"
EndProject
Project("{2150E333-8FDC-42A3-9474-1A3956D46DE8}") = "tests", "tests", "{0AB3BF05-4346-4AA6-1389-037BE0695223}"
EndProject
Project("{F2A71F9B-5D33-465A-A702-920D77279786}") = "Tests", "tests\Tests.fsproj", "{44F3E283-8E7B-4D38-843B-B02E95973B7B}"
EndProject
Project("{F2A71F9B-5D33-465A-A702-920D77279786}") = "arcIsaProcessMermaid.Core", "src\arcIsaProcessMermaid.Core\arcIsaProcessMermaid.Core.fsproj", "{E68197CE-F6FD-5584-7BC0-C2C9B1787136}"
EndProject
Project("{F2A71F9B-5D33-465A-A702-920D77279786}") = "arcIsaProcessMermaid.Tool", "src\arcIsaProcessMermaid.Tool\arcIsaProcessMermaid.Tool.fsproj", "{C588F746-D322-336A-3947-A063C1A92957}"
EndProject
Global
	GlobalSection(SolutionConfigurationPlatforms) = preSolution
		Debug|Any CPU = Debug|Any CPU
		Debug|x64 = Debug|x64
		Debug|x86 = Debug|x86
		Release|Any CPU = Release|Any CPU
		Release|x64 = Release|x64
		Release|x86 = Release|x86
	EndGlobalSection
	GlobalSection(ProjectConfigurationPlatforms) = postSolution
		{44F3E283-8E7B-4D38-843B-B02E95973B7B}.Debug|Any CPU.ActiveCfg = Debug|Any CPU
		{44F3E283-8E7B-4D38-843B-B02E95973B7B}.Debug|Any CPU.Build.0 = Debug|Any CPU
		{44F3E283-8E7B-4D38-843B-B02E95973B7B}.Debug|x64.ActiveCfg = Debug|Any CPU
		{44F3E283-8E7B-4D38-843B-B02E95973B7B}.Debug|x64.Build.0 = Debug|Any CPU
		{44F3E283-8E7B-4D38-843B-B02E95973B7B}.Debug|x86.ActiveCfg = Debug|Any CPU
		{44F3E283-8E7B-4D38-843B-B02E95973B7B}.Debug|x86.Build.0 = Debug|Any CPU
		{44F3E283-8E7B-4D38-843B-B02E95973B7B}.Release|Any CPU.ActiveCfg = Release|Any CPU
		{44F3E283-8E7B-4D38-843B-B02E95973B7B}.Release|Any CPU.Build.0 = Release|Any CPU
		{44F3E283-8E7B-4D38-843B-B02E95973B7B}.Release|x64.ActiveCfg = Release|Any CPU
		{44F3E283-8E7B-4D38-843B-B02E95973B7B}.Release|x64.Build.0 = Release|Any CPU
		{44F3E283-8E7B-4D38-843B-B02E95973B7B}.Release|x86.ActiveCfg = Release|Any CPU
		{44F3E283-8E7B-4D38-843B-B02E95973B7B}.Release|x86.Build.0 = Release|Any CPU
		{E68197CE-F6FD-5584-7BC0-C2C9B1787136}.Debug|Any CPU.ActiveCfg = Debug|Any CPU
		{E68197CE-F6FD-5584-7BC0-C2C9B1787136}.Debug|Any CPU.Build.0 = Debug|Any CPU
		{E68197CE-F6FD-5584-7BC0-C2C9B1787136}.Debug|x64.ActiveCfg = Debug|Any CPU
		{E68197CE-F6FD-5584-7BC0-C2C9B1787136}.Debug|x64.Build.0 = Debug|Any CPU
		{E68197CE-F6FD-5584-7BC0-C2C9B1787136}.Debug|x86.ActiveCfg = Debug|Any CPU
		{E68197CE-F6FD-5584-7BC0-C2C9B1787136}.Debug|x86.Build.0 = Debug|Any CPU
		{E68197CE-F6FD-5584-7BC0-C2C9B1787136}.Release|Any CPU.ActiveCfg = Release|Any CPU
		{E68197CE-F6FD-5584-7BC0-C2C9B1787136}.Release|Any CPU.Build.0 = Release|Any CPU
		{E68197CE-F6FD-5584-7BC0-C2C9B1787136}.Release|x64.ActiveCfg = Release|Any CPU
		{E68197CE-F6FD-5584-7BC0-C2C9B1787136}.Release|x64.Build.0 = Release|Any CPU
		{E68197CE-F6FD-5584-7BC0-C2C9B1787136}.Release|x86.ActiveCfg = Release|Any CPU
		{E68197CE-F6FD-5584-7BC0-C2C9B1787136}.Release|x86.Build.0 = Release|Any CPU
		{C588F746-D322-336A-3947-A063C1A92957}.Debug|Any CPU.ActiveCfg = Debug|Any CPU
		{C588F746-D322-336A-3947-A063C1A92957}.Debug|Any CPU.Build.0 = Debug|Any CPU
		{C588F746-D322-336A-3947-A063C1A92957}.Debug|x64.ActiveCfg = Debug|Any CPU
		{C588F746-D322-336A-3947-A063C1A92957}.Debug|x64.Build.0 = Debug|Any CPU
		{C588F746-D322-336A-3947-A063C1A92957}.Debug|x86.ActiveCfg = Debug|Any CPU
		{C588F746-D322-336A-3947-A063C1A92957}.Debug|x86.Build.0 = Debug|Any CPU
		{C588F746-D322-336A-3947-A063C1A92957}.Release|Any CPU.ActiveCfg = Release|Any CPU
		{C588F746-D322-336A-3947-A063C1A92957}.Release|Any CPU.Build.0 = Release|Any CPU
		{C588F746-D322-336A-3947-A063C1A92957}.Release|x64.ActiveCfg = Release|Any CPU
		{C588F746-D322-336A-3947-A063C1A92957}.Release|x64.Build.0 = Release|Any CPU
		{C588F746-D322-336A-3947-A063C1A92957}.Release|x86.ActiveCfg = Release|Any CPU
		{C588F746-D322-336A-3947-A063C1A92957}.Release|x86.Build.0 = Release|Any CPU
	EndGlobalSection
	GlobalSection(SolutionProperties) = preSolution
		HideSolutionNode = FALSE
	EndGlobalSection
	GlobalSection(NestedProjects) = preSolution
		{44F3E283-8E7B-4D38-843B-B02E95973B7B} = {0AB3BF05-4346-4AA6-1389-037BE0695223}
		{E68197CE-F6FD-5584-7BC0-C2C9B1787136} = {827E0CD3-B72D-47B6-A68D-7590B98EB39B}
		{C588F746-D322-336A-3947-A063C1A92957} = {827E0CD3-B72D-47B6-A68D-7590B98EB39B}
	EndGlobalSection
	GlobalSection(ExtensibilityGlobals) = postSolution
		SolutionGuid = {883405C3-A2EC-42FD-B624-9DAA279570EF}
	EndGlobalSection
EndGlobal
